
Microsoft Visual Studio Solution File, Format Version 11.00
# Visual Studio 2010
Project("{FAE04EC0-301F-11D3-BF4B-00C04F79EFBC}") = "TowerDefense", "TowerDefense.csproj", "{3957E8CD-DE42-AD2C-1C57-14F08CA57475}"
EndProject
Project("{FAE04EC0-301F-11D3-BF4B-00C04F79EFBC}") = "TowerDefenseEditor", "TowerDefenseEditor.csproj", "{D628BD8C-FAD2-0D0E-35F9-2D581A093B99}"
EndProject
Project("{FAE04EC0-301F-11D3-BF4B-00C04F79EFBC}") = "RuntimeTests", "RuntimeTests.csproj", "{1E786ACC-4054-1D8C-4D1C-887430AA34F5}"
EndProject
Project("{FAE04EC0-301F-11D3-BF4B-00C04F79EFBC}") = "EditorTests", "EditorTests.csproj", "{5808B659-DE51-3537-1C17-4438D5A17BD7}"
EndProject
Global
	GlobalSection(SolutionConfigurationPlatforms) = preSolution
		Debug|Any CPU = Debug|Any CPU
		Release|Any CPU = Release|Any CPU
	EndGlobalSection
	GlobalSection(ProjectConfigurationPlatforms) = postSolution
		{3957E8CD-DE42-AD2C-1C57-14F08CA57475}.Debug|Any CPU.ActiveCfg = Debug|Any CPU
		{3957E8CD-DE42-AD2C-1C57-14F08CA57475}.Debug|Any CPU.Build.0 = Debug|Any CPU
		{3957E8CD-DE42-AD2C-1C57-14F08CA57475}.Release|Any CPU.ActiveCfg = Release|Any CPU
		{3957E8CD-DE42-AD2C-1C57-14F08CA57475}.Release|Any CPU.Build.0 = Release|Any CPU
		{D628BD8C-FAD2-0D0E-35F9-2D581A093B99}.Debug|Any CPU.ActiveCfg = Debug|Any CPU
		{D628BD8C-FAD2-0D0E-35F9-2D581A093B99}.Debug|Any CPU.Build.0 = Debug|Any CPU
		{D628BD8C-FAD2-0D0E-35F9-2D581A093B99}.Release|Any CPU.ActiveCfg = Release|Any CPU
		{D628BD8C-FAD2-0D0E-35F9-2D581A093B99}.Release|Any CPU.Build.0 = Release|Any CPU
		{1E786ACC-4054-1D8C-4D1C-887430AA34F5}.Debug|Any CPU.ActiveCfg = Debug|Any CPU
		{1E786ACC-4054-1D8C-4D1C-887430AA34F5}.Debug|Any CPU.Build.0 = Debug|Any CPU
		{1E786ACC-4054-1D8C-4D1C-887430AA34F5}.Release|Any CPU.ActiveCfg = Release|Any CPU
		{1E786ACC-4054-1D8C-4D1C-887430AA34F5}.Release|Any CPU.Build.0 = Release|Any CPU
		{5808B659-DE51-3537-1C17-4438D5A17BD7}.Debug|Any CPU.ActiveCfg = Debug|Any CPU
		{5808B659-DE51-3537-1C17-4438D5A17BD7}.Debug|Any CPU.Build.0 = Debug|Any CPU
		{5808B659-DE51-3537-1C17-4438D5A17BD7}.Release|Any CPU.ActiveCfg = Release|Any CPU
		{5808B659-DE51-3537-1C17-4438D5A17BD7}.Release|Any CPU.Build.0 = Release|Any CPU
	EndGlobalSection
	GlobalSection(SolutionProperties) = preSolution
		HideSolutionNode = FALSE
	EndGlobalSection
EndGlobal
