
Microsoft Visual Studio Solution File, Format Version 11.00
# Visual Studio 2010
Project("{FAE04EC0-301F-11D3-BF4B-00C04F79EFBC}") = "TowerDefense", "TowerDefense.csproj", "{cde85739-42de-2cad-1c57-14f08ca57475}"
EndProject
Project("{FAE04EC0-301F-11D3-BF4B-00C04F79EFBC}") = "TowerDefenseEditor", "TowerDefenseEditor.csproj", "{8cbd28d6-d2fa-0e0d-35f9-2d581a093b99}"
EndProject
Project("{FAE04EC0-301F-11D3-BF4B-00C04F79EFBC}") = "RuntimeTests", "RuntimeTests.csproj", "{cc6a781e-5440-8c1d-4d1c-887430aa34f5}"
EndProject
Project("{FAE04EC0-301F-11D3-BF4B-00C04F79EFBC}") = "EditorTests", "EditorTests.csproj", "{59b60858-51de-3735-1c17-4438d5a17bd7}"
EndProject
Global
	GlobalSection(SolutionConfigurationPlatforms) = preSolution
		Debug|Any CPU = Debug|Any CPU
	EndGlobalSection
	GlobalSection(ProjectConfigurationPlatforms) = postSolution
		{cde85739-42de-2cad-1c57-14f08ca57475}.Debug|Any CPU.ActiveCfg = Debug|Any CPU
		{cde85739-42de-2cad-1c57-14f08ca57475}.Debug|Any CPU.Build.0 = Debug|Any CPU
		{8cbd28d6-d2fa-0e0d-35f9-2d581a093b99}.Debug|Any CPU.ActiveCfg = Debug|Any CPU
		{8cbd28d6-d2fa-0e0d-35f9-2d581a093b99}.Debug|Any CPU.Build.0 = Debug|Any CPU
		{cc6a781e-5440-8c1d-4d1c-887430aa34f5}.Debug|Any CPU.ActiveCfg = Debug|Any CPU
		{cc6a781e-5440-8c1d-4d1c-887430aa34f5}.Debug|Any CPU.Build.0 = Debug|Any CPU
		{59b60858-51de-3735-1c17-4438d5a17bd7}.Debug|Any CPU.ActiveCfg = Debug|Any CPU
		{59b60858-51de-3735-1c17-4438d5a17bd7}.Debug|Any CPU.Build.0 = Debug|Any CPU
	EndGlobalSection
	GlobalSection(SolutionProperties) = preSolution
		HideSolutionNode = FALSE
	EndGlobalSection
EndGlobal
