
Microsoft Visual Studio Solution File, Format Version 11.00
# Visual Studio 2010
Project("{FAE04EC0-301F-11D3-BF4B-00C04F79EFBC}") = "Assembly-CSharp", "Assembly-CSharp.csproj", "{8c01d0d0-5203-8f4b-1f89-2b8e640f5e88}"
EndProject
Project("{FAE04EC0-301F-11D3-BF4B-00C04F79EFBC}") = "Assembly-CSharp-Editor", "Assembly-CSharp-Editor.csproj", "{e1821772-e5ff-7046-8e36-7747bdc3d4e2}"
EndProject
Global
	GlobalSection(SolutionConfigurationPlatforms) = preSolution
		Debug|Any CPU = Debug|Any CPU
	EndGlobalSection
	GlobalSection(ProjectConfigurationPlatforms) = postSolution
		{8c01d0d0-5203-8f4b-1f89-2b8e640f5e88}.Debug|Any CPU.ActiveCfg = Debug|Any CPU
		{8c01d0d0-5203-8f4b-1f89-2b8e640f5e88}.Debug|Any CPU.Build.0 = Debug|Any CPU
		{e1821772-e5ff-7046-8e36-7747bdc3d4e2}.Debug|Any CPU.ActiveCfg = Debug|Any CPU
		{e1821772-e5ff-7046-8e36-7747bdc3d4e2}.Debug|Any CPU.Build.0 = Debug|Any CPU
	EndGlobalSection
	GlobalSection(SolutionProperties) = preSolution
		HideSolutionNode = FALSE
	EndGlobalSection
EndGlobal
